# This file is autogenerated, do not edit; changes may be undone by the next 'dep ensure'.


[[projects]]
  branch = "master"
  name = "github.com/robmerrell/comandante"
  packages = ["."]
  revision = "5128ba304043a334482c454bcf679f6486caca31"

[solve-meta]
  analyzer-name = "dep"
  analyzer-version = 1
  inputs-digest = "fe1e416c8e4f8f2ffc20420fba8fd4d632cd373d481a1b30cfd02004e6ae73db"
  solver-name = "gps-cdcl"
  solver-version = 1
