# This file is autogenerated, do not edit; changes may be undone by the next 'dep ensure'.


[[projects]]
  name = "github.com/docker/docker"
  packages = [
    "builder/dockerfile/command",
    "builder/dockerfile/parser"
  ]
  revision = "092cba3727bb9b4a2f0e922cd6c0f93ea270e363"
  version = "v1.13.1"

[[projects]]
  branch = "master"
  name = "github.com/robmerrell/comandante"
  packages = ["."]
  revision = "5128ba304043a334482c454bcf679f6486caca31"

[solve-meta]
  analyzer-name = "dep"
  analyzer-version = 1
  inputs-digest = "bfaf7686517872bbc8cda49cbc4964123c37c6cad33b4dd473adc51dbfec621c"
  solver-name = "gps-cdcl"
  solver-version = 1
